
Microsoft Visual Studio Solution File, Format Version 12.00
# Visual Studio Version 16
VisualStudioVersion = 16.0.30523.141
MinimumVisualStudioVersion = 10.0.40219.1
Project("{FAE04EC0-301F-11D3-BF4B-00C04F79EFBC}") = "AES_Algorithm", "AES_Algorithm\AES_Algorithm.csproj", "{C6EAAE0C-C819-47AB-81A2-E26698D6BD2F}"
EndProject
Global
	GlobalSection(SolutionConfigurationPlatforms) = preSolution
		Debug|Any CPU = Debug|Any CPU
		Release|Any CPU = Release|Any CPU
	EndGlobalSection
	GlobalSection(ProjectConfigurationPlatforms) = postSolution
		{C6EAAE0C-C819-47AB-81A2-E26698D6BD2F}.Debug|Any CPU.ActiveCfg = Debug|Any CPU
		{C6EAAE0C-C819-47AB-81A2-E26698D6BD2F}.Debug|Any CPU.Build.0 = Debug|Any CPU
		{C6EAAE0C-C819-47AB-81A2-E26698D6BD2F}.Release|Any CPU.ActiveCfg = Release|Any CPU
		{C6EAAE0C-C819-47AB-81A2-E26698D6BD2F}.Release|Any CPU.Build.0 = Release|Any CPU
	EndGlobalSection
	GlobalSection(SolutionProperties) = preSolution
		HideSolutionNode = FALSE
	EndGlobalSection
	GlobalSection(ExtensibilityGlobals) = postSolution
		SolutionGuid = {26C1094D-8C61-4274-976C-A6C1569B70B4}
	EndGlobalSection
EndGlobal
